
Microsoft Visual Studio Solution File, Format Version 12.00
# Visual Studio Version 17
VisualStudioVersion = 17.4.33205.214
MinimumVisualStudioVersion = 10.0.40219.1
Project("{9A19103F-16F7-4668-BE54-9A1E7A4F7556}") = "BinaryTree", "BinaryTree\BinaryTree.csproj", "{9F03D7C8-C1B7-4F3F-AD8B-EC21D6672F90}"
EndProject
Project("{FAE04EC0-301F-11D3-BF4B-00C04F79EFBC}") = "BinaryTree.Tests", "BinaryTree.Tests\BinaryTree.Tests.csproj", "{2974E8E2-1704-442B-A6F7-07B47259EE4E}"
EndProject
Global
	GlobalSection(SolutionConfigurationPlatforms) = preSolution
		Debug|Any CPU = Debug|Any CPU
		Release|Any CPU = Release|Any CPU
	EndGlobalSection
	GlobalSection(ProjectConfigurationPlatforms) = postSolution
		{9F03D7C8-C1B7-4F3F-AD8B-EC21D6672F90}.Debug|Any CPU.ActiveCfg = Debug|Any CPU
		{9F03D7C8-C1B7-4F3F-AD8B-EC21D6672F90}.Debug|Any CPU.Build.0 = Debug|Any CPU
		{9F03D7C8-C1B7-4F3F-AD8B-EC21D6672F90}.Release|Any CPU.ActiveCfg = Release|Any CPU
		{9F03D7C8-C1B7-4F3F-AD8B-EC21D6672F90}.Release|Any CPU.Build.0 = Release|Any CPU
		{2974E8E2-1704-442B-A6F7-07B47259EE4E}.Debug|Any CPU.ActiveCfg = Debug|Any CPU
		{2974E8E2-1704-442B-A6F7-07B47259EE4E}.Debug|Any CPU.Build.0 = Debug|Any CPU
		{2974E8E2-1704-442B-A6F7-07B47259EE4E}.Release|Any CPU.ActiveCfg = Release|Any CPU
		{2974E8E2-1704-442B-A6F7-07B47259EE4E}.Release|Any CPU.Build.0 = Release|Any CPU
	EndGlobalSection
	GlobalSection(SolutionProperties) = preSolution
		HideSolutionNode = FALSE
	EndGlobalSection
	GlobalSection(ExtensibilityGlobals) = postSolution
		SolutionGuid = {483C51CA-926C-496B-B547-66910AF74F66}
	EndGlobalSection
EndGlobal
